# FEC Eval Harness Hash Lock — v1
# Generated by scripts/freeze-evals.py — do not edit by hand.
# A mismatch blocks merge unless version (v1, v2, ...) is bumped.

MODELOS-SMOKE.md  a3c5962c1cf9e882d0629bbdcef398a09a8daf2eb82876136a4a82fa99be8466
SMOKE-KILLSWITCH.json  2c8e2ccc62407984fc1423cb2ce9acd006ffc33b91d7e2ac6558e02c4b9c550d
alerts.json  a97096299bd1a65661ca08a7417b6800f341a24128b51c699da66eebb64dcb51
budgets.json  0c6fa49cad8bdd12d92b2a6374e2b0bee665dc6b8660a232aa42161a470cf147
capabilities.json  4353dcdd7cccd88a508f2188d37c89142e38589792adb9342f6a094cb1be4164
checksums-revocation.json  22c33bcc13ec0c2b549c2d3d7a89a6a9cd51dddfac05ee1548b214910fab2cd8
compat.json  15ffcc9daf446d6d08a668af0ab175dc634d35d64f1440697d7f50c94242aad1
datasets/FEC-GS-RAG-v1.json  344523ea682fab65c4e208a3b94b1abdd416ee264e729ade2e19ff22fb3e98ea
judges/groundedness.md  500ffb5a0708c82913f8f95335900f1e188fc667a50a401d1b4ae0ea8cec27e7
models.json  be1904295852cf0f382b34def3147431777d341a1e6e65b7535afc6de943f26e
revoked_versions.json  53528494c86b4d8a14641e4c53459f34f990c3ff4147df7fdb7f293b532c2769
risk-acceptance.json  26c46eb04b4705d774c40decaec047566f1c47468e8ab3f89d711306b735fe9e
